# This file is automatically @generated by Poetry 2.1.2 and should not be changed by hand.

[[package]]
name = "zizmor"
version = "1.8.0"
description = "Static analysis for GitHub Actions"
optional = false
python-versions = ">=3.9"
groups = ["dev"]
files = [
    {file = "zizmor-1.8.0-py3-none-macosx_10_12_x86_64.whl", hash = "sha256:06dd3978d0cf786ffa55466baa4574bccdd6fb90927d4ccec9eef4fa64af0f9d"},
    {file = "zizmor-1.8.0-py3-none-macosx_11_0_arm64.whl", hash = "sha256:745124e82c22a18376ee4a6c80ec5c5d68f1462703c4ec201fbf175e24645f89"},
    {file = "zizmor-1.8.0-py3-none-manylinux_2_24_aarch64.whl", hash = "sha256:30e6c748e53c6fe808c69d13a32ae04dd4d8005c6c63c58eb382e319d2a1d061"},
    {file = "zizmor-1.8.0-py3-none-manylinux_2_28_armv7l.whl", hash = "sha256:029584ce72a1010e5d0724da1a9b13326f17871dc932a7e4f2c5b49bac333c97"},
    {file = "zizmor-1.8.0-py3-none-manylinux_2_28_x86_64.whl", hash = "sha256:2eb59b975c7b48f59a4b3dba63d67ec9a4157ab03a9f7073180366e35d527f87"},
    {file = "zizmor-1.8.0-py3-none-musllinux_1_2_aarch64.whl", hash = "sha256:5859d08e10d83918cfbd2f99f7131ce7ffe799fc7d23353d070e6372a35e1c39"},
    {file = "zizmor-1.8.0-py3-none-musllinux_1_2_armv7l.whl", hash = "sha256:29340da539a8631a989cab0f936d1562aea59602782e6ae5e8e79e11193a9ae3"},
    {file = "zizmor-1.8.0-py3-none-musllinux_1_2_x86_64.whl", hash = "sha256:930119a838922ebff71b1e89e49ca8d7618e01d0dbe09d1d8d706ea500b1c8d2"},
    {file = "zizmor-1.8.0-py3-none-win32.whl", hash = "sha256:94e65fe77b105e40a30740d5133627cca5b410212fc3c447c22e732eb1d73b4a"},
    {file = "zizmor-1.8.0-py3-none-win_amd64.whl", hash = "sha256:eb0f0f4a144e5094c6c04acce5fd29f0b4fa323860f4e4eecfb9e37f772dde6c"},
    {file = "zizmor-1.8.0.tar.gz", hash = "sha256:b1c50b98fa6e0cc5239311a19f9e075ecf90d6f7ad5d172eac23b639f77ba505"},
]

[metadata]
lock-version = "2.1"
python-versions = ">=3.11"
content-hash = "f7b1aa6967004c1c0e7fae6f59c8dfdf16a617e304bc78dcb703124f5199baae"
